# THIS IS AN AUTOGENERATED FILE. DO NOT EDIT THIS FILE DIRECTLY.
# yarn lockfile v1


"@cloudscape-design/design-tokens@^3.0.31":
  version "3.0.31"
  resolved "https://registry.yarnpkg.com/@cloudscape-design/design-tokens/-/design-tokens-3.0.31.tgz#2c7cde6019064c9de5df591bafd27ef3a8510947"
  integrity sha512-FCZOStmv2jpxakQDr42VAIYXLNTaTVrwA3q3QuYledMBWruK5acOGKUpPm9D64T1DDimAz7EWreDKg6dN1n++g==

bootstrap@^5.3.2:
  version "5.3.2"
  resolved "https://registry.yarnpkg.com/bootstrap/-/bootstrap-5.3.2.tgz#97226583f27aae93b2b28ab23f4c114757ff16ae"
  integrity sha512-D32nmNWiQHo94BKHLmOrdjlL05q1c8oxbtBphQFb9Z5to6eGRDCm0QgeaZ4zFBHzfg2++rqa2JkqCcxDy0sH0g==
